PODS:
  - Alamofire (5.1.0)
  - Kingfisher (5.13.4):
    - Kingfisher/Core (= 5.13.4)
  - Kingfisher/Core (5.13.4)
  - R.swift (5.2.2):
    - R.swift.Library (~> 5.2.0)
  - R.swift.Library (5.2.0)

DEPENDENCIES:
  - Alamofire (~> 5.1)
  - Kingfisher
  - R.swift

SPEC REPOS:
  trunk:
    - Alamofire
    - Kingfisher
    - R.swift
    - R.swift.Library

SPEC CHECKSUMS:
  Alamofire: 9d5c5f602928e512395b30950c5984eca840093c
  Kingfisher: d2279a7abece3c7f25a80cd2b7f363ca5cf3f44c
  R.swift: 7c52cdc57a66840ffe6cbd8a823d732059d42a32
  R.swift.Library: 5ba4f1631300caf9a4d890186930da85d540769d

PODFILE CHECKSUM: 8815a4b869822a5226f758ffb71c6feef7abf7f8

COCOAPODS: 1.8.4
