// !$*UTF8*$!
{
	archiveVersion = 1;
	classes = {
	};
	objectVersion = 50;
	objects = {

/* Begin PBXBuildFile section */
		242B974C6C6BDDC3373F5332 /* libPods-Coins.a in Frameworks */ = {isa = PBXBuildFile; fileRef = E2B380A2C3EB20DB13FC7ED9 /* libPods-Coins.a */; };
		53138044245DE5EE00171D57 /* MainMenuViewController.storyboard in Resources */ = {isa = PBXBuildFile; fileRef = 53138043245DE5EE00171D57 /* MainMenuViewController.storyboard */; };
		5385BBE8245DB62300B4560F /* AppDelegate.swift in Sources */ = {isa = PBXBuildFile; fileRef = 5385BBE7245DB62300B4560F /* AppDelegate.swift */; };
		5385BBF1245DB62400B4560F /* Assets.xcassets in Resources */ = {isa = PBXBuildFile; fileRef = 5385BBF0245DB62400B4560F /* Assets.xcassets */; };
		5385BBF4245DB62400B4560F /* LaunchScreen.storyboard in Resources */ = {isa = PBXBuildFile; fileRef = 5385BBF2245DB62400B4560F /* LaunchScreen.storyboard */; };
		5385BC02245DCC6800B4560F /* CryptocurrencyWebService.swift in Sources */ = {isa = PBXBuildFile; fileRef = 5385BC01245DCC6800B4560F /* CryptocurrencyWebService.swift */; };
		5385BC05245DCC9000B4560F /* CryptocurrencyService.swift in Sources */ = {isa = PBXBuildFile; fileRef = 5385BC04245DCC9000B4560F /* CryptocurrencyService.swift */; };
		53BFAF51245DCD5E004AFA3D /* Cryptocurrency.swift in Sources */ = {isa = PBXBuildFile; fileRef = 53BFAF50245DCD5E004AFA3D /* Cryptocurrency.swift */; };
		53BFAF56245DCFAD004AFA3D /* Cryptocurrency+Coding.swift in Sources */ = {isa = PBXBuildFile; fileRef = 53BFAF55245DCFAD004AFA3D /* Cryptocurrency+Coding.swift */; };
		53BFAF59245DD0F3004AFA3D /* KeyedDecodingContainer.swift in Sources */ = {isa = PBXBuildFile; fileRef = 53BFAF58245DD0F3004AFA3D /* KeyedDecodingContainer.swift */; };
		53BFAF5C245DD1E1004AFA3D /* ContextFactory.swift in Sources */ = {isa = PBXBuildFile; fileRef = 53BFAF5B245DD1E1004AFA3D /* ContextFactory.swift */; };
		53BFAF5E245DD205004AFA3D /* Context.swift in Sources */ = {isa = PBXBuildFile; fileRef = 53BFAF5D245DD205004AFA3D /* Context.swift */; };
		53BFAF61245DD38A004AFA3D /* LoggingService.swift in Sources */ = {isa = PBXBuildFile; fileRef = 53BFAF60245DD38A004AFA3D /* LoggingService.swift */; };
		53BFAF63245DD3B9004AFA3D /* ConsoleLoggingService.swift in Sources */ = {isa = PBXBuildFile; fileRef = 53BFAF62245DD3B9004AFA3D /* ConsoleLoggingService.swift */; };
		53BFAF66245DD3FE004AFA3D /* NetworkLogging.swift in Sources */ = {isa = PBXBuildFile; fileRef = 53BFAF65245DD3FE004AFA3D /* NetworkLogging.swift */; };
		53BFAF68245DD445004AFA3D /* ConsoleLoggingService+NetworkLogging.swift in Sources */ = {isa = PBXBuildFile; fileRef = 53BFAF67245DD445004AFA3D /* ConsoleLoggingService+NetworkLogging.swift */; };
		53BFAF6A245DD581004AFA3D /* ApiUrls.swift in Sources */ = {isa = PBXBuildFile; fileRef = 53BFAF69245DD581004AFA3D /* ApiUrls.swift */; };
		53BFAF6D245DD62A004AFA3D /* URL.swift in Sources */ = {isa = PBXBuildFile; fileRef = 53BFAF6C245DD62A004AFA3D /* URL.swift */; };
		53BFAF71245DDA41004AFA3D /* CryptocurrencyService+Models.swift in Sources */ = {isa = PBXBuildFile; fileRef = 53BFAF70245DDA41004AFA3D /* CryptocurrencyService+Models.swift */; };
		53BFAF74245DDC17004AFA3D /* MainMenuViewController.swift in Sources */ = {isa = PBXBuildFile; fileRef = 53BFAF73245DDC17004AFA3D /* MainMenuViewController.swift */; };
		53BFAF77245DDCB3004AFA3D /* AppCoordinator.swift in Sources */ = {isa = PBXBuildFile; fileRef = 53BFAF76245DDCB3004AFA3D /* AppCoordinator.swift */; };
		53BFAF7A245DDCE3004AFA3D /* AppCoordinatorBuilder.swift in Sources */ = {isa = PBXBuildFile; fileRef = 53BFAF79245DDCE3004AFA3D /* AppCoordinatorBuilder.swift */; };
		53BFAF7D245DDD39004AFA3D /* WindowFactory.swift in Sources */ = {isa = PBXBuildFile; fileRef = 53BFAF7C245DDD39004AFA3D /* WindowFactory.swift */; };
		53BFAF83245DDED9004AFA3D /* UITableView+Extenstions.swift in Sources */ = {isa = PBXBuildFile; fileRef = 53BFAF82245DDED9004AFA3D /* UITableView+Extenstions.swift */; };
		53C05D3A245E2AB5006E17EA /* MainMenuViewControllerFactory.swift in Sources */ = {isa = PBXBuildFile; fileRef = 53C05D39245E2AB5006E17EA /* MainMenuViewControllerFactory.swift */; };
		53C05D3D245E2B3F006E17EA /* StoryboardViewControllerFactory.swift in Sources */ = {isa = PBXBuildFile; fileRef = 53C05D3C245E2B3F006E17EA /* StoryboardViewControllerFactory.swift */; };
		53C05D3F245E2D06006E17EA /* CryptocurrencyList.storyboard in Resources */ = {isa = PBXBuildFile; fileRef = 53C05D3E245E2D06006E17EA /* CryptocurrencyList.storyboard */; };
		53C05D41245E2D0D006E17EA /* CryptocurrencyListViewController.swift in Sources */ = {isa = PBXBuildFile; fileRef = 53C05D40245E2D0D006E17EA /* CryptocurrencyListViewController.swift */; };
		53C05D43245E2D4C006E17EA /* CryptocurrencyListViewControllerFactory.swift in Sources */ = {isa = PBXBuildFile; fileRef = 53C05D42245E2D4C006E17EA /* CryptocurrencyListViewControllerFactory.swift */; };
		53C05D47245E3098006E17EA /* Interactable.swift in Sources */ = {isa = PBXBuildFile; fileRef = 53C05D46245E3098006E17EA /* Interactable.swift */; };
		53C05D4C245E3573006E17EA /* RootNavigationController.swift in Sources */ = {isa = PBXBuildFile; fileRef = 53C05D4B245E3573006E17EA /* RootNavigationController.swift */; };
		53C05D4E245E3593006E17EA /* RootNavigationControllerFactory.swift in Sources */ = {isa = PBXBuildFile; fileRef = 53C05D4D245E3593006E17EA /* RootNavigationControllerFactory.swift */; };
		53C05D51245E3694006E17EA /* WindowTransition.swift in Sources */ = {isa = PBXBuildFile; fileRef = 53C05D50245E3694006E17EA /* WindowTransition.swift */; };
		53C05D54245E36CA006E17EA /* Transition.swift in Sources */ = {isa = PBXBuildFile; fileRef = 53C05D53245E36CA006E17EA /* Transition.swift */; };
		53C05D56245E3834006E17EA /* MainMenuCoordinator.swift in Sources */ = {isa = PBXBuildFile; fileRef = 53C05D55245E3834006E17EA /* MainMenuCoordinator.swift */; };
		53C05D5A245E3E67006E17EA /* R.generated.swift in Sources */ = {isa = PBXBuildFile; fileRef = 53C05D59245E3E67006E17EA /* R.generated.swift */; };
		53C05D5D245E4385006E17EA /* CryptocurrencyTableViewCell.swift in Sources */ = {isa = PBXBuildFile; fileRef = 53C05D5B245E4385006E17EA /* CryptocurrencyTableViewCell.swift */; };
		53C05D5E245E4385006E17EA /* CryptocurrencyTableViewCell.xib in Resources */ = {isa = PBXBuildFile; fileRef = 53C05D5C245E4385006E17EA /* CryptocurrencyTableViewCell.xib */; };
		53C05D61245E486A006E17EA /* CryptocurrencyInteractor.swift in Sources */ = {isa = PBXBuildFile; fileRef = 53C05D60245E486A006E17EA /* CryptocurrencyInteractor.swift */; };
		53E9FA4C245E53E600A42D7B /* Collection+Extensions.swift in Sources */ = {isa = PBXBuildFile; fileRef = 53E9FA4B245E53E600A42D7B /* Collection+Extensions.swift */; };
		53E9FA4E245E573600A42D7B /* CryptocurrencyCoordinator.swift in Sources */ = {isa = PBXBuildFile; fileRef = 53E9FA4D245E573600A42D7B /* CryptocurrencyCoordinator.swift */; };
		53E9FA51245E5ADA00A42D7B /* CryptocurrencyDetails.storyboard in Resources */ = {isa = PBXBuildFile; fileRef = 53E9FA50245E5ADA00A42D7B /* CryptocurrencyDetails.storyboard */; };
		53E9FA53245E5AE100A42D7B /* CryptocurrencyDetailsViewController.swift in Sources */ = {isa = PBXBuildFile; fileRef = 53E9FA52245E5AE100A42D7B /* CryptocurrencyDetailsViewController.swift */; };
		53E9FA55245E5E0700A42D7B /* CryptocurrencyList.strings in Resources */ = {isa = PBXBuildFile; fileRef = 53E9FA54245E5E0700A42D7B /* CryptocurrencyList.strings */; };
		53E9FA57245E6AEE00A42D7B /* CryptocurrencyListPresentation.swift in Sources */ = {isa = PBXBuildFile; fileRef = 53E9FA56245E6AEE00A42D7B /* CryptocurrencyListPresentation.swift */; };
		53E9FA5E245E728100A42D7B /* NumberFormatter.swift in Sources */ = {isa = PBXBuildFile; fileRef = 53E9FA5D245E728100A42D7B /* NumberFormatter.swift */; };
		53E9FA65245EFA2100A42D7B /* CryptocurrencyDetailsInteractor.swift in Sources */ = {isa = PBXBuildFile; fileRef = 53E9FA64245EFA2100A42D7B /* CryptocurrencyDetailsInteractor.swift */; };
		53E9FA6724604D2700A42D7B /* CryptocurrencyDetailsViewControllerFactory.swift in Sources */ = {isa = PBXBuildFile; fileRef = 53E9FA6624604D2700A42D7B /* CryptocurrencyDetailsViewControllerFactory.swift */; };
		53E9FA6924604DB000A42D7B /* CryptocurrencyDetailsPresentation.swift in Sources */ = {isa = PBXBuildFile; fileRef = 53E9FA6824604DB000A42D7B /* CryptocurrencyDetailsPresentation.swift */; };
		53E9FA6B24604E6800A42D7B /* ShowTransition.swift in Sources */ = {isa = PBXBuildFile; fileRef = 53E9FA6A24604E6800A42D7B /* ShowTransition.swift */; };
		53E9FA70246065B000A42D7B /* Quote.swift in Sources */ = {isa = PBXBuildFile; fileRef = 53E9FA6F246065B000A42D7B /* Quote.swift */; };
		53E9FA72246065F200A42D7B /* Quote+Coding.swift in Sources */ = {isa = PBXBuildFile; fileRef = 53E9FA71246065F200A42D7B /* Quote+Coding.swift */; };
		53E9FA762460836100A42D7B /* AttributeTableViewCell.swift in Sources */ = {isa = PBXBuildFile; fileRef = 53E9FA742460836100A42D7B /* AttributeTableViewCell.swift */; };
		53E9FA772460836100A42D7B /* AttributeTableViewCell.xib in Resources */ = {isa = PBXBuildFile; fileRef = 53E9FA752460836100A42D7B /* AttributeTableViewCell.xib */; };
		53E9FA902460C2F000A42D7B /* CryptocurrencyListInteractorFactory.swift in Sources */ = {isa = PBXBuildFile; fileRef = 53E9FA8F2460C2F000A42D7B /* CryptocurrencyListInteractorFactory.swift */; };
		53E9FA922460C45C00A42D7B /* CryptocurrencyCoordinatorFactory.swift in Sources */ = {isa = PBXBuildFile; fileRef = 53E9FA912460C45C00A42D7B /* CryptocurrencyCoordinatorFactory.swift */; };
		53E9FA942460C61B00A42D7B /* MainMenuCoordinatorFactory.swift in Sources */ = {isa = PBXBuildFile; fileRef = 53E9FA932460C61B00A42D7B /* MainMenuCoordinatorFactory.swift */; };
		53E9FA962460CA3400A42D7B /* CryptocurrencyDetailsInteractorFactory.swift in Sources */ = {isa = PBXBuildFile; fileRef = 53E9FA952460CA3400A42D7B /* CryptocurrencyDetailsInteractorFactory.swift */; };
/* End PBXBuildFile section */

/* Begin PBXFileReference section */
		53138043245DE5EE00171D57 /* MainMenuViewController.storyboard */ = {isa = PBXFileReference; lastKnownFileType = file.storyboard; path = MainMenuViewController.storyboard; sourceTree = "<group>"; };
		5385BBE4245DB62300B4560F /* Coins.app */ = {isa = PBXFileReference; explicitFileType = wrapper.application; includeInIndex = 0; path = Coins.app; sourceTree = BUILT_PRODUCTS_DIR; };
		5385BBE7245DB62300B4560F /* AppDelegate.swift */ = {isa = PBXFileReference; lastKnownFileType = sourcecode.swift; path = AppDelegate.swift; sourceTree = "<group>"; };
		5385BBF0245DB62400B4560F /* Assets.xcassets */ = {isa = PBXFileReference; lastKnownFileType = folder.assetcatalog; path = Assets.xcassets; sourceTree = "<group>"; };
		5385BBF3245DB62400B4560F /* Base */ = {isa = PBXFileReference; lastKnownFileType = file.storyboard; name = Base; path = Base.lproj/LaunchScreen.storyboard; sourceTree = "<group>"; };
		5385BBF5245DB62400B4560F /* Info.plist */ = {isa = PBXFileReference; lastKnownFileType = text.plist.xml; path = Info.plist; sourceTree = "<group>"; };
		5385BC01245DCC6800B4560F /* CryptocurrencyWebService.swift */ = {isa = PBXFileReference; lastKnownFileType = sourcecode.swift; path = CryptocurrencyWebService.swift; sourceTree = "<group>"; };
		5385BC04245DCC9000B4560F /* CryptocurrencyService.swift */ = {isa = PBXFileReference; lastKnownFileType = sourcecode.swift; path = CryptocurrencyService.swift; sourceTree = "<group>"; };
		53BFAF50245DCD5E004AFA3D /* Cryptocurrency.swift */ = {isa = PBXFileReference; lastKnownFileType = sourcecode.swift; path = Cryptocurrency.swift; sourceTree = "<group>"; };
		53BFAF55245DCFAD004AFA3D /* Cryptocurrency+Coding.swift */ = {isa = PBXFileReference; lastKnownFileType = sourcecode.swift; path = "Cryptocurrency+Coding.swift"; sourceTree = "<group>"; };
		53BFAF58245DD0F3004AFA3D /* KeyedDecodingContainer.swift */ = {isa = PBXFileReference; lastKnownFileType = sourcecode.swift; path = KeyedDecodingContainer.swift; sourceTree = "<group>"; };
		53BFAF5B245DD1E1004AFA3D /* ContextFactory.swift */ = {isa = PBXFileReference; lastKnownFileType = sourcecode.swift; path = ContextFactory.swift; sourceTree = "<group>"; };
		53BFAF5D245DD205004AFA3D /* Context.swift */ = {isa = PBXFileReference; lastKnownFileType = sourcecode.swift; path = Context.swift; sourceTree = "<group>"; };
		53BFAF60245DD38A004AFA3D /* LoggingService.swift */ = {isa = PBXFileReference; lastKnownFileType = sourcecode.swift; path = LoggingService.swift; sourceTree = "<group>"; };
		53BFAF62245DD3B9004AFA3D /* ConsoleLoggingService.swift */ = {isa = PBXFileReference; lastKnownFileType = sourcecode.swift; path = ConsoleLoggingService.swift; sourceTree = "<group>"; };
		53BFAF65245DD3FE004AFA3D /* NetworkLogging.swift */ = {isa = PBXFileReference; lastKnownFileType = sourcecode.swift; path = NetworkLogging.swift; sourceTree = "<group>"; };
		53BFAF67245DD445004AFA3D /* ConsoleLoggingService+NetworkLogging.swift */ = {isa = PBXFileReference; lastKnownFileType = sourcecode.swift; path = "ConsoleLoggingService+NetworkLogging.swift"; sourceTree = "<group>"; };
		53BFAF69245DD581004AFA3D /* ApiUrls.swift */ = {isa = PBXFileReference; lastKnownFileType = sourcecode.swift; path = ApiUrls.swift; sourceTree = "<group>"; };
		53BFAF6C245DD62A004AFA3D /* URL.swift */ = {isa = PBXFileReference; lastKnownFileType = sourcecode.swift; path = URL.swift; sourceTree = "<group>"; };
		53BFAF70245DDA41004AFA3D /* CryptocurrencyService+Models.swift */ = {isa = PBXFileReference; lastKnownFileType = sourcecode.swift; path = "CryptocurrencyService+Models.swift"; sourceTree = "<group>"; };
		53BFAF73245DDC17004AFA3D /* MainMenuViewController.swift */ = {isa = PBXFileReference; lastKnownFileType = sourcecode.swift; path = MainMenuViewController.swift; sourceTree = "<group>"; };
		53BFAF76245DDCB3004AFA3D /* AppCoordinator.swift */ = {isa = PBXFileReference; lastKnownFileType = sourcecode.swift; path = AppCoordinator.swift; sourceTree = "<group>"; };
		53BFAF79245DDCE3004AFA3D /* AppCoordinatorBuilder.swift */ = {isa = PBXFileReference; lastKnownFileType = sourcecode.swift; path = AppCoordinatorBuilder.swift; sourceTree = "<group>"; };
		53BFAF7C245DDD39004AFA3D /* WindowFactory.swift */ = {isa = PBXFileReference; lastKnownFileType = sourcecode.swift; path = WindowFactory.swift; sourceTree = "<group>"; };
		53BFAF82245DDED9004AFA3D /* UITableView+Extenstions.swift */ = {isa = PBXFileReference; lastKnownFileType = sourcecode.swift; path = "UITableView+Extenstions.swift"; sourceTree = "<group>"; };
		53C05D39245E2AB5006E17EA /* MainMenuViewControllerFactory.swift */ = {isa = PBXFileReference; lastKnownFileType = sourcecode.swift; path = MainMenuViewControllerFactory.swift; sourceTree = "<group>"; };
		53C05D3C245E2B3F006E17EA /* StoryboardViewControllerFactory.swift */ = {isa = PBXFileReference; lastKnownFileType = sourcecode.swift; path = StoryboardViewControllerFactory.swift; sourceTree = "<group>"; };
		53C05D3E245E2D06006E17EA /* CryptocurrencyList.storyboard */ = {isa = PBXFileReference; lastKnownFileType = file.storyboard; path = CryptocurrencyList.storyboard; sourceTree = "<group>"; };
		53C05D40245E2D0D006E17EA /* CryptocurrencyListViewController.swift */ = {isa = PBXFileReference; lastKnownFileType = sourcecode.swift; path = CryptocurrencyListViewController.swift; sourceTree = "<group>"; };
		53C05D42245E2D4C006E17EA /* CryptocurrencyListViewControllerFactory.swift */ = {isa = PBXFileReference; lastKnownFileType = sourcecode.swift; path = CryptocurrencyListViewControllerFactory.swift; sourceTree = "<group>"; };
		53C05D46245E3098006E17EA /* Interactable.swift */ = {isa = PBXFileReference; lastKnownFileType = sourcecode.swift; path = Interactable.swift; sourceTree = "<group>"; };
		53C05D4B245E3573006E17EA /* RootNavigationController.swift */ = {isa = PBXFileReference; lastKnownFileType = sourcecode.swift; path = RootNavigationController.swift; sourceTree = "<group>"; };
		53C05D4D245E3593006E17EA /* RootNavigationControllerFactory.swift */ = {isa = PBXFileReference; lastKnownFileType = sourcecode.swift; path = RootNavigationControllerFactory.swift; sourceTree = "<group>"; };
		53C05D50245E3694006E17EA /* WindowTransition.swift */ = {isa = PBXFileReference; lastKnownFileType = sourcecode.swift; path = WindowTransition.swift; sourceTree = "<group>"; };
		53C05D53245E36CA006E17EA /* Transition.swift */ = {isa = PBXFileReference; lastKnownFileType = sourcecode.swift; path = Transition.swift; sourceTree = "<group>"; };
		53C05D55245E3834006E17EA /* MainMenuCoordinator.swift */ = {isa = PBXFileReference; lastKnownFileType = sourcecode.swift; path = MainMenuCoordinator.swift; sourceTree = "<group>"; };
		53C05D59245E3E67006E17EA /* R.generated.swift */ = {isa = PBXFileReference; fileEncoding = 4; lastKnownFileType = sourcecode.swift; name = R.generated.swift; path = Resources/R.generated.swift; sourceTree = SOURCE_ROOT; };
		53C05D5B245E4385006E17EA /* CryptocurrencyTableViewCell.swift */ = {isa = PBXFileReference; lastKnownFileType = sourcecode.swift; path = CryptocurrencyTableViewCell.swift; sourceTree = "<group>"; };
		53C05D5C245E4385006E17EA /* CryptocurrencyTableViewCell.xib */ = {isa = PBXFileReference; lastKnownFileType = file.xib; path = CryptocurrencyTableViewCell.xib; sourceTree = "<group>"; };
		53C05D60245E486A006E17EA /* CryptocurrencyInteractor.swift */ = {isa = PBXFileReference; lastKnownFileType = sourcecode.swift; path = CryptocurrencyInteractor.swift; sourceTree = "<group>"; };
		53E9FA4B245E53E600A42D7B /* Collection+Extensions.swift */ = {isa = PBXFileReference; lastKnownFileType = sourcecode.swift; path = "Collection+Extensions.swift"; sourceTree = "<group>"; };
		53E9FA4D245E573600A42D7B /* CryptocurrencyCoordinator.swift */ = {isa = PBXFileReference; lastKnownFileType = sourcecode.swift; path = CryptocurrencyCoordinator.swift; sourceTree = "<group>"; };
		53E9FA50245E5ADA00A42D7B /* CryptocurrencyDetails.storyboard */ = {isa = PBXFileReference; lastKnownFileType = file.storyboard; path = CryptocurrencyDetails.storyboard; sourceTree = "<group>"; };
		53E9FA52245E5AE100A42D7B /* CryptocurrencyDetailsViewController.swift */ = {isa = PBXFileReference; lastKnownFileType = sourcecode.swift; path = CryptocurrencyDetailsViewController.swift; sourceTree = "<group>"; };
		53E9FA54245E5E0700A42D7B /* CryptocurrencyList.strings */ = {isa = PBXFileReference; lastKnownFileType = text.plist.strings; path = CryptocurrencyList.strings; sourceTree = "<group>"; };
		53E9FA56245E6AEE00A42D7B /* CryptocurrencyListPresentation.swift */ = {isa = PBXFileReference; lastKnownFileType = sourcecode.swift; path = CryptocurrencyListPresentation.swift; sourceTree = "<group>"; };
		53E9FA5D245E728100A42D7B /* NumberFormatter.swift */ = {isa = PBXFileReference; lastKnownFileType = sourcecode.swift; path = NumberFormatter.swift; sourceTree = "<group>"; };
		53E9FA64245EFA2100A42D7B /* CryptocurrencyDetailsInteractor.swift */ = {isa = PBXFileReference; lastKnownFileType = sourcecode.swift; path = CryptocurrencyDetailsInteractor.swift; sourceTree = "<group>"; };
		53E9FA6624604D2700A42D7B /* CryptocurrencyDetailsViewControllerFactory.swift */ = {isa = PBXFileReference; lastKnownFileType = sourcecode.swift; path = CryptocurrencyDetailsViewControllerFactory.swift; sourceTree = "<group>"; };
		53E9FA6824604DB000A42D7B /* CryptocurrencyDetailsPresentation.swift */ = {isa = PBXFileReference; lastKnownFileType = sourcecode.swift; path = CryptocurrencyDetailsPresentation.swift; sourceTree = "<group>"; };
		53E9FA6A24604E6800A42D7B /* ShowTransition.swift */ = {isa = PBXFileReference; lastKnownFileType = sourcecode.swift; path = ShowTransition.swift; sourceTree = "<group>"; };
		53E9FA6F246065B000A42D7B /* Quote.swift */ = {isa = PBXFileReference; lastKnownFileType = sourcecode.swift; path = Quote.swift; sourceTree = "<group>"; };
		53E9FA71246065F200A42D7B /* Quote+Coding.swift */ = {isa = PBXFileReference; lastKnownFileType = sourcecode.swift; path = "Quote+Coding.swift"; sourceTree = "<group>"; };
		53E9FA742460836100A42D7B /* AttributeTableViewCell.swift */ = {isa = PBXFileReference; lastKnownFileType = sourcecode.swift; path = AttributeTableViewCell.swift; sourceTree = "<group>"; };
		53E9FA752460836100A42D7B /* AttributeTableViewCell.xib */ = {isa = PBXFileReference; lastKnownFileType = file.xib; path = AttributeTableViewCell.xib; sourceTree = "<group>"; };
		53E9FA8F2460C2F000A42D7B /* CryptocurrencyListInteractorFactory.swift */ = {isa = PBXFileReference; lastKnownFileType = sourcecode.swift; path = CryptocurrencyListInteractorFactory.swift; sourceTree = "<group>"; };
		53E9FA912460C45C00A42D7B /* CryptocurrencyCoordinatorFactory.swift */ = {isa = PBXFileReference; lastKnownFileType = sourcecode.swift; path = CryptocurrencyCoordinatorFactory.swift; sourceTree = "<group>"; };
		53E9FA932460C61B00A42D7B /* MainMenuCoordinatorFactory.swift */ = {isa = PBXFileReference; lastKnownFileType = sourcecode.swift; path = MainMenuCoordinatorFactory.swift; sourceTree = "<group>"; };
		53E9FA952460CA3400A42D7B /* CryptocurrencyDetailsInteractorFactory.swift */ = {isa = PBXFileReference; lastKnownFileType = sourcecode.swift; path = CryptocurrencyDetailsInteractorFactory.swift; sourceTree = "<group>"; };
		BFAE7A48D50E5F316A7488D3 /* Pods-Coins.debug.xcconfig */ = {isa = PBXFileReference; includeInIndex = 1; lastKnownFileType = text.xcconfig; name = "Pods-Coins.debug.xcconfig"; path = "Target Support Files/Pods-Coins/Pods-Coins.debug.xcconfig"; sourceTree = "<group>"; };
		DB6567EEB60AAF9C8DBA23A9 /* Pods-Coins.release.xcconfig */ = {isa = PBXFileReference; includeInIndex = 1; lastKnownFileType = text.xcconfig; name = "Pods-Coins.release.xcconfig"; path = "Target Support Files/Pods-Coins/Pods-Coins.release.xcconfig"; sourceTree = "<group>"; };
		E2B380A2C3EB20DB13FC7ED9 /* libPods-Coins.a */ = {isa = PBXFileReference; explicitFileType = archive.ar; includeInIndex = 0; path = "libPods-Coins.a"; sourceTree = BUILT_PRODUCTS_DIR; };
/* End PBXFileReference section */

/* Begin PBXFrameworksBuildPhase section */
		5385BBE1245DB62300B4560F /* Frameworks */ = {
			isa = PBXFrameworksBuildPhase;
			buildActionMask = 2147483647;
			files = (
				242B974C6C6BDDC3373F5332 /* libPods-Coins.a in Frameworks */,
			);
			runOnlyForDeploymentPostprocessing = 0;
		};
/* End PBXFrameworksBuildPhase section */

/* Begin PBXGroup section */
		5385BBDB245DB62300B4560F = {
			isa = PBXGroup;
			children = (
				5385BBE6245DB62300B4560F /* Coins */,
				5385BBE5245DB62300B4560F /* Products */,
				72DE5A30FE447783629B5709 /* Pods */,
				C5489EC83729C8DC9FA176AA /* Frameworks */,
			);
			sourceTree = "<group>";
		};
		5385BBE5245DB62300B4560F /* Products */ = {
			isa = PBXGroup;
			children = (
				5385BBE4245DB62300B4560F /* Coins.app */,
			);
			name = Products;
			sourceTree = "<group>";
		};
		5385BBE6245DB62300B4560F /* Coins */ = {
			isa = PBXGroup;
			children = (
				53BFAF7E245DDEA8004AFA3D /* Abstraction */,
				53BFAF75245DDCAC004AFA3D /* Flow */,
				53BFAF52245DCF27004AFA3D /* Factories */,
				53BFAF4F245DCD50004AFA3D /* Entities */,
				5385BC00245DCC3B00B4560F /* Services */,
				5385BBFF245DCC1200B4560F /* Presentation */,
				5385BBFE245DCC0900B4560F /* Foundation */,
				5385BBFD245DCC0300B4560F /* Modules */,
				5385BBFC245DB87600B4560F /* App */,
				5385BBFB245DB86000B4560F /* Resources */,
			);
			path = Coins;
			sourceTree = "<group>";
		};
		5385BBFB245DB86000B4560F /* Resources */ = {
			isa = PBXGroup;
			children = (
				53C05D59245E3E67006E17EA /* R.generated.swift */,
				5385BBF5245DB62400B4560F /* Info.plist */,
				5385BBF0245DB62400B4560F /* Assets.xcassets */,
				5385BBF2245DB62400B4560F /* LaunchScreen.storyboard */,
			);
			path = Resources;
			sourceTree = "<group>";
		};
		5385BBFC245DB87600B4560F /* App */ = {
			isa = PBXGroup;
			children = (
				5385BBE7245DB62300B4560F /* AppDelegate.swift */,
			);
			path = App;
			sourceTree = "<group>";
		};
		5385BBFD245DCC0300B4560F /* Modules */ = {
			isa = PBXGroup;
			children = (
				53BFAF72245DDBBA004AFA3D /* MainMenu */,
				53BFAF6E245DD9E3004AFA3D /* Cryptocurrency */,
			);
			path = Modules;
			sourceTree = "<group>";
		};
		5385BBFE245DCC0900B4560F /* Foundation */ = {
			isa = PBXGroup;
			children = (
				53E9FA5B245E726A00A42D7B /* Formatters */,
				53E9FA4A245E53DD00A42D7B /* Collections */,
				53BFAF7F245DDEB8004AFA3D /* Views */,
				53BFAF6B245DD623004AFA3D /* URL */,
				53BFAF57245DD0E7004AFA3D /* Coding */,
			);
			path = Foundation;
			sourceTree = "<group>";
		};
		5385BBFF245DCC1200B4560F /* Presentation */ = {
			isa = PBXGroup;
			children = (
				53C05D4F245E368A006E17EA /* Transitions */,
				53C05D4A245E356C006E17EA /* ViewControllers */,
			);
			path = Presentation;
			sourceTree = "<group>";
		};
		5385BC00245DCC3B00B4560F /* Services */ = {
			isa = PBXGroup;
			children = (
				53BFAF5F245DD385004AFA3D /* Logging */,
				53BFAF53245DCF58004AFA3D /* WebService */,
				5385BC03245DCC8000B4560F /* Cryptocurrency */,
			);
			path = Services;
			sourceTree = "<group>";
		};
		5385BC03245DCC8000B4560F /* Cryptocurrency */ = {
			isa = PBXGroup;
			children = (
				5385BC04245DCC9000B4560F /* CryptocurrencyService.swift */,
				5385BC01245DCC6800B4560F /* CryptocurrencyWebService.swift */,
				53BFAF70245DDA41004AFA3D /* CryptocurrencyService+Models.swift */,
			);
			path = Cryptocurrency;
			sourceTree = "<group>";
		};
		53BFAF4F245DCD50004AFA3D /* Entities */ = {
			isa = PBXGroup;
			children = (
				53BFAF50245DCD5E004AFA3D /* Cryptocurrency.swift */,
				53E9FA6F246065B000A42D7B /* Quote.swift */,
			);
			path = Entities;
			sourceTree = "<group>";
		};
		53BFAF52245DCF27004AFA3D /* Factories */ = {
			isa = PBXGroup;
			children = (
				53E9FA8E2460C2DE00A42D7B /* Interactors */,
				53C05D3B245E2B0F006E17EA /* Generic */,
				53C05D38245E2AA5006E17EA /* ViewControllers */,
				53BFAF7B245DDD34004AFA3D /* Views */,
				53BFAF78245DDCD7004AFA3D /* Coordinators */,
				53BFAF5A245DD1D6004AFA3D /* Context */,
			);
			path = Factories;
			sourceTree = "<group>";
		};
		53BFAF53245DCF58004AFA3D /* WebService */ = {
			isa = PBXGroup;
			children = (
				53BFAF64245DD3F5004AFA3D /* Logging */,
				53BFAF54245DCFA1004AFA3D /* Coding */,
				53BFAF69245DD581004AFA3D /* ApiUrls.swift */,
			);
			path = WebService;
			sourceTree = "<group>";
		};
		53BFAF54245DCFA1004AFA3D /* Coding */ = {
			isa = PBXGroup;
			children = (
				53BFAF55245DCFAD004AFA3D /* Cryptocurrency+Coding.swift */,
				53E9FA71246065F200A42D7B /* Quote+Coding.swift */,
			);
			path = Coding;
			sourceTree = "<group>";
		};
		53BFAF57245DD0E7004AFA3D /* Coding */ = {
			isa = PBXGroup;
			children = (
				53BFAF58245DD0F3004AFA3D /* KeyedDecodingContainer.swift */,
			);
			path = Coding;
			sourceTree = "<group>";
		};
		53BFAF5A245DD1D6004AFA3D /* Context */ = {
			isa = PBXGroup;
			children = (
				53BFAF5B245DD1E1004AFA3D /* ContextFactory.swift */,
				53BFAF5D245DD205004AFA3D /* Context.swift */,
			);
			path = Context;
			sourceTree = "<group>";
		};
		53BFAF5F245DD385004AFA3D /* Logging */ = {
			isa = PBXGroup;
			children = (
				53BFAF60245DD38A004AFA3D /* LoggingService.swift */,
				53BFAF62245DD3B9004AFA3D /* ConsoleLoggingService.swift */,
			);
			path = Logging;
			sourceTree = "<group>";
		};
		53BFAF64245DD3F5004AFA3D /* Logging */ = {
			isa = PBXGroup;
			children = (
				53BFAF65245DD3FE004AFA3D /* NetworkLogging.swift */,
				53BFAF67245DD445004AFA3D /* ConsoleLoggingService+NetworkLogging.swift */,
			);
			path = Logging;
			sourceTree = "<group>";
		};
		53BFAF6B245DD623004AFA3D /* URL */ = {
			isa = PBXGroup;
			children = (
				53BFAF6C245DD62A004AFA3D /* URL.swift */,
			);
			path = URL;
			sourceTree = "<group>";
		};
		53BFAF6E245DD9E3004AFA3D /* Cryptocurrency */ = {
			isa = PBXGroup;
			children = (
				53E9FA4F245E5AC600A42D7B /* CryptocurrencyDetails */,
				53BFAF6F245DD9F9004AFA3D /* CryptocurrencyList */,
			);
			path = Cryptocurrency;
			sourceTree = "<group>";
		};
		53BFAF6F245DD9F9004AFA3D /* CryptocurrencyList */ = {
			isa = PBXGroup;
			children = (
				53C05D63245E4CFD006E17EA /* Interaction */,
				53C05D62245E4CF7006E17EA /* Presentation */,
			);
			path = CryptocurrencyList;
			sourceTree = "<group>";
		};
		53BFAF72245DDBBA004AFA3D /* MainMenu */ = {
			isa = PBXGroup;
			children = (
				53BFAF73245DDC17004AFA3D /* MainMenuViewController.swift */,
				53138043245DE5EE00171D57 /* MainMenuViewController.storyboard */,
			);
			path = MainMenu;
			sourceTree = "<group>";
		};
		53BFAF75245DDCAC004AFA3D /* Flow */ = {
			isa = PBXGroup;
			children = (
				53BFAF76245DDCB3004AFA3D /* AppCoordinator.swift */,
				53C05D55245E3834006E17EA /* MainMenuCoordinator.swift */,
				53E9FA4D245E573600A42D7B /* CryptocurrencyCoordinator.swift */,
			);
			path = Flow;
			sourceTree = "<group>";
		};
		53BFAF78245DDCD7004AFA3D /* Coordinators */ = {
			isa = PBXGroup;
			children = (
				53BFAF79245DDCE3004AFA3D /* AppCoordinatorBuilder.swift */,
				53E9FA912460C45C00A42D7B /* CryptocurrencyCoordinatorFactory.swift */,
				53E9FA932460C61B00A42D7B /* MainMenuCoordinatorFactory.swift */,
			);
			path = Coordinators;
			sourceTree = "<group>";
		};
		53BFAF7B245DDD34004AFA3D /* Views */ = {
			isa = PBXGroup;
			children = (
				53BFAF7C245DDD39004AFA3D /* WindowFactory.swift */,
			);
			path = Views;
			sourceTree = "<group>";
		};
		53BFAF7E245DDEA8004AFA3D /* Abstraction */ = {
			isa = PBXGroup;
			children = (
				53C05D52245E36BD006E17EA /* Presentation */,
				53C05D46245E3098006E17EA /* Interactable.swift */,
			);
			path = Abstraction;
			sourceTree = "<group>";
		};
		53BFAF7F245DDEB8004AFA3D /* Views */ = {
			isa = PBXGroup;
			children = (
				53BFAF80245DDEC1004AFA3D /* UITableView */,
			);
			path = Views;
			sourceTree = "<group>";
		};
		53BFAF80245DDEC1004AFA3D /* UITableView */ = {
			isa = PBXGroup;
			children = (
				53BFAF82245DDED9004AFA3D /* UITableView+Extenstions.swift */,
			);
			path = UITableView;
			sourceTree = "<group>";
		};
		53C05D38245E2AA5006E17EA /* ViewControllers */ = {
			isa = PBXGroup;
			children = (
				53C05D39245E2AB5006E17EA /* MainMenuViewControllerFactory.swift */,
				53C05D42245E2D4C006E17EA /* CryptocurrencyListViewControllerFactory.swift */,
				53C05D4D245E3593006E17EA /* RootNavigationControllerFactory.swift */,
				53E9FA6624604D2700A42D7B /* CryptocurrencyDetailsViewControllerFactory.swift */,
			);
			path = ViewControllers;
			sourceTree = "<group>";
		};
		53C05D3B245E2B0F006E17EA /* Generic */ = {
			isa = PBXGroup;
			children = (
				53C05D3C245E2B3F006E17EA /* StoryboardViewControllerFactory.swift */,
			);
			path = Generic;
			sourceTree = "<group>";
		};
		53C05D4A245E356C006E17EA /* ViewControllers */ = {
			isa = PBXGroup;
			children = (
				53C05D4B245E3573006E17EA /* RootNavigationController.swift */,
			);
			path = ViewControllers;
			sourceTree = "<group>";
		};
		53C05D4F245E368A006E17EA /* Transitions */ = {
			isa = PBXGroup;
			children = (
				53C05D50245E3694006E17EA /* WindowTransition.swift */,
				53E9FA6A24604E6800A42D7B /* ShowTransition.swift */,
			);
			path = Transitions;
			sourceTree = "<group>";
		};
		53C05D52245E36BD006E17EA /* Presentation */ = {
			isa = PBXGroup;
			children = (
				53C05D53245E36CA006E17EA /* Transition.swift */,
			);
			path = Presentation;
			sourceTree = "<group>";
		};
		53C05D62245E4CF7006E17EA /* Presentation */ = {
			isa = PBXGroup;
			children = (
				53E9FA56245E6AEE00A42D7B /* CryptocurrencyListPresentation.swift */,
				53C05D40245E2D0D006E17EA /* CryptocurrencyListViewController.swift */,
				53C05D3E245E2D06006E17EA /* CryptocurrencyList.storyboard */,
				53C05D5B245E4385006E17EA /* CryptocurrencyTableViewCell.swift */,
				53C05D5C245E4385006E17EA /* CryptocurrencyTableViewCell.xib */,
				53E9FA54245E5E0700A42D7B /* CryptocurrencyList.strings */,
			);
			path = Presentation;
			sourceTree = "<group>";
		};
		53C05D63245E4CFD006E17EA /* Interaction */ = {
			isa = PBXGroup;
			children = (
				53C05D60245E486A006E17EA /* CryptocurrencyInteractor.swift */,
			);
			path = Interaction;
			sourceTree = "<group>";
		};
		53E9FA4A245E53DD00A42D7B /* Collections */ = {
			isa = PBXGroup;
			children = (
				53E9FA4B245E53E600A42D7B /* Collection+Extensions.swift */,
			);
			path = Collections;
			sourceTree = "<group>";
		};
		53E9FA4F245E5AC600A42D7B /* CryptocurrencyDetails */ = {
			isa = PBXGroup;
			children = (
				53E9FA63245EF9F200A42D7B /* Interaction */,
				53E9FA62245EF9EB00A42D7B /* Presentation */,
			);
			path = CryptocurrencyDetails;
			sourceTree = "<group>";
		};
		53E9FA5B245E726A00A42D7B /* Formatters */ = {
			isa = PBXGroup;
			children = (
				53E9FA5D245E728100A42D7B /* NumberFormatter.swift */,
			);
			path = Formatters;
			sourceTree = "<group>";
		};
		53E9FA62245EF9EB00A42D7B /* Presentation */ = {
			isa = PBXGroup;
			children = (
				53E9FA732460833C00A42D7B /* Cells */,
				53E9FA6824604DB000A42D7B /* CryptocurrencyDetailsPresentation.swift */,
				53E9FA52245E5AE100A42D7B /* CryptocurrencyDetailsViewController.swift */,
				53E9FA50245E5ADA00A42D7B /* CryptocurrencyDetails.storyboard */,
			);
			path = Presentation;
			sourceTree = "<group>";
		};
		53E9FA63245EF9F200A42D7B /* Interaction */ = {
			isa = PBXGroup;
			children = (
				53E9FA64245EFA2100A42D7B /* CryptocurrencyDetailsInteractor.swift */,
			);
			path = Interaction;
			sourceTree = "<group>";
		};
		53E9FA732460833C00A42D7B /* Cells */ = {
			isa = PBXGroup;
			children = (
				53E9FA742460836100A42D7B /* AttributeTableViewCell.swift */,
				53E9FA752460836100A42D7B /* AttributeTableViewCell.xib */,
			);
			path = Cells;
			sourceTree = "<group>";
		};
		53E9FA8E2460C2DE00A42D7B /* Interactors */ = {
			isa = PBXGroup;
			children = (
				53E9FA8F2460C2F000A42D7B /* CryptocurrencyListInteractorFactory.swift */,
				53E9FA952460CA3400A42D7B /* CryptocurrencyDetailsInteractorFactory.swift */,
			);
			path = Interactors;
			sourceTree = "<group>";
		};
		72DE5A30FE447783629B5709 /* Pods */ = {
			isa = PBXGroup;
			children = (
				BFAE7A48D50E5F316A7488D3 /* Pods-Coins.debug.xcconfig */,
				DB6567EEB60AAF9C8DBA23A9 /* Pods-Coins.release.xcconfig */,
			);
			path = Pods;
			sourceTree = "<group>";
		};
		C5489EC83729C8DC9FA176AA /* Frameworks */ = {
			isa = PBXGroup;
			children = (
				E2B380A2C3EB20DB13FC7ED9 /* libPods-Coins.a */,
			);
			name = Frameworks;
			sourceTree = "<group>";
		};
/* End PBXGroup section */

/* Begin PBXNativeTarget section */
		5385BBE3245DB62300B4560F /* Coins */ = {
			isa = PBXNativeTarget;
			buildConfigurationList = 5385BBF8245DB62400B4560F /* Build configuration list for PBXNativeTarget "Coins" */;
			buildPhases = (
				C715F8E86E768F72F78302E6 /* [CP] Check Pods Manifest.lock */,
				53BFAF84245DE2E2004AFA3D /* R.swift */,
				5385BBE0245DB62300B4560F /* Sources */,
				5385BBE1245DB62300B4560F /* Frameworks */,
				5385BBE2245DB62300B4560F /* Resources */,
			);
			buildRules = (
			);
			dependencies = (
			);
			name = Coins;
			productName = Coins;
			productReference = 5385BBE4245DB62300B4560F /* Coins.app */;
			productType = "com.apple.product-type.application";
		};
/* End PBXNativeTarget section */

/* Begin PBXProject section */
		5385BBDC245DB62300B4560F /* Project object */ = {
			isa = PBXProject;
			attributes = {
				LastSwiftUpdateCheck = 1130;
				LastUpgradeCheck = 1130;
				ORGANIZATIONNAME = OrgName;
				TargetAttributes = {
					5385BBE3245DB62300B4560F = {
						CreatedOnToolsVersion = 11.3;
					};
				};
			};
			buildConfigurationList = 5385BBDF245DB62300B4560F /* Build configuration list for PBXProject "Coins" */;
			compatibilityVersion = "Xcode 9.3";
			developmentRegion = en;
			hasScannedForEncodings = 0;
			knownRegions = (
				en,
				Base,
			);
			mainGroup = 5385BBDB245DB62300B4560F;
			productRefGroup = 5385BBE5245DB62300B4560F /* Products */;
			projectDirPath = "";
			projectRoot = "";
			targets = (
				5385BBE3245DB62300B4560F /* Coins */,
			);
		};
/* End PBXProject section */

/* Begin PBXResourcesBuildPhase section */
		5385BBE2245DB62300B4560F /* Resources */ = {
			isa = PBXResourcesBuildPhase;
			buildActionMask = 2147483647;
			files = (
				53C05D5E245E4385006E17EA /* CryptocurrencyTableViewCell.xib in Resources */,
				53C05D3F245E2D06006E17EA /* CryptocurrencyList.storyboard in Resources */,
				53E9FA772460836100A42D7B /* AttributeTableViewCell.xib in Resources */,
				53E9FA51245E5ADA00A42D7B /* CryptocurrencyDetails.storyboard in Resources */,
				53E9FA55245E5E0700A42D7B /* CryptocurrencyList.strings in Resources */,
				53138044245DE5EE00171D57 /* MainMenuViewController.storyboard in Resources */,
				5385BBF4245DB62400B4560F /* LaunchScreen.storyboard in Resources */,
				5385BBF1245DB62400B4560F /* Assets.xcassets in Resources */,
			);
			runOnlyForDeploymentPostprocessing = 0;
		};
/* End PBXResourcesBuildPhase section */

/* Begin PBXShellScriptBuildPhase section */
		53BFAF84245DE2E2004AFA3D /* R.swift */ = {
			isa = PBXShellScriptBuildPhase;
			buildActionMask = 2147483647;
			files = (
			);
			inputFileListPaths = (
			);
			inputPaths = (
				"$TEMP_DIR/rswift-lastrun",
			);
			name = R.swift;
			outputFileListPaths = (
			);
			outputPaths = (
				$SRCROOT/Resources/R.generated.swift,
			);
			runOnlyForDeploymentPostprocessing = 0;
			shellPath = /bin/sh;
			shellScript = "\"$PODS_ROOT/R.swift/rswift\" generate \"$SRCROOT/Resources/R.generated.swift\"\n";
		};
		C715F8E86E768F72F78302E6 /* [CP] Check Pods Manifest.lock */ = {
			isa = PBXShellScriptBuildPhase;
			buildActionMask = 2147483647;
			files = (
			);
			inputFileListPaths = (
			);
			inputPaths = (
				"${PODS_PODFILE_DIR_PATH}/Podfile.lock",
				"${PODS_ROOT}/Manifest.lock",
			);
			name = "[CP] Check Pods Manifest.lock";
			outputFileListPaths = (
			);
			outputPaths = (
				"$(DERIVED_FILE_DIR)/Pods-Coins-checkManifestLockResult.txt",
			);
			runOnlyForDeploymentPostprocessing = 0;
			shellPath = /bin/sh;
			shellScript = "diff \"${PODS_PODFILE_DIR_PATH}/Podfile.lock\" \"${PODS_ROOT}/Manifest.lock\" > /dev/null\nif [ $? != 0 ] ; then\n    # print error to STDERR\n    echo \"error: The sandbox is not in sync with the Podfile.lock. Run 'pod install' or update your CocoaPods installation.\" >&2\n    exit 1\nfi\n# This output is used by Xcode 'outputs' to avoid re-running this script phase.\necho \"SUCCESS\" > \"${SCRIPT_OUTPUT_FILE_0}\"\n";
			showEnvVarsInLog = 0;
		};
/* End PBXShellScriptBuildPhase section */

/* Begin PBXSourcesBuildPhase section */
		5385BBE0245DB62300B4560F /* Sources */ = {
			isa = PBXSourcesBuildPhase;
			buildActionMask = 2147483647;
			files = (
				53C05D47245E3098006E17EA /* Interactable.swift in Sources */,
				53E9FA5E245E728100A42D7B /* NumberFormatter.swift in Sources */,
				53BFAF7D245DDD39004AFA3D /* WindowFactory.swift in Sources */,
				53BFAF74245DDC17004AFA3D /* MainMenuViewController.swift in Sources */,
				53BFAF59245DD0F3004AFA3D /* KeyedDecodingContainer.swift in Sources */,
				53E9FA902460C2F000A42D7B /* CryptocurrencyListInteractorFactory.swift in Sources */,
				53BFAF77245DDCB3004AFA3D /* AppCoordinator.swift in Sources */,
				5385BBE8245DB62300B4560F /* AppDelegate.swift in Sources */,
				53C05D3A245E2AB5006E17EA /* MainMenuViewControllerFactory.swift in Sources */,
				53C05D4C245E3573006E17EA /* RootNavigationController.swift in Sources */,
				53BFAF63245DD3B9004AFA3D /* ConsoleLoggingService.swift in Sources */,
				53BFAF7A245DDCE3004AFA3D /* AppCoordinatorBuilder.swift in Sources */,
				53E9FA65245EFA2100A42D7B /* CryptocurrencyDetailsInteractor.swift in Sources */,
				53BFAF6A245DD581004AFA3D /* ApiUrls.swift in Sources */,
				53E9FA6B24604E6800A42D7B /* ShowTransition.swift in Sources */,
				53BFAF83245DDED9004AFA3D /* UITableView+Extenstions.swift in Sources */,
				53E9FA4C245E53E600A42D7B /* Collection+Extensions.swift in Sources */,
				53E9FA53245E5AE100A42D7B /* CryptocurrencyDetailsViewController.swift in Sources */,
				53E9FA70246065B000A42D7B /* Quote.swift in Sources */,
				53E9FA72246065F200A42D7B /* Quote+Coding.swift in Sources */,
				53C05D41245E2D0D006E17EA /* CryptocurrencyListViewController.swift in Sources */,
				53E9FA762460836100A42D7B /* AttributeTableViewCell.swift in Sources */,
				53C05D4E245E3593006E17EA /* RootNavigationControllerFactory.swift in Sources */,
				5385BC05245DCC9000B4560F /* CryptocurrencyService.swift in Sources */,
				5385BC02245DCC6800B4560F /* CryptocurrencyWebService.swift in Sources */,
				53C05D5D245E4385006E17EA /* CryptocurrencyTableViewCell.swift in Sources */,
				53BFAF56245DCFAD004AFA3D /* Cryptocurrency+Coding.swift in Sources */,
				53C05D43245E2D4C006E17EA /* CryptocurrencyListViewControllerFactory.swift in Sources */,
				53BFAF6D245DD62A004AFA3D /* URL.swift in Sources */,
				53C05D54245E36CA006E17EA /* Transition.swift in Sources */,
				53C05D56245E3834006E17EA /* MainMenuCoordinator.swift in Sources */,
				53BFAF68245DD445004AFA3D /* ConsoleLoggingService+NetworkLogging.swift in Sources */,
				53C05D5A245E3E67006E17EA /* R.generated.swift in Sources */,
				53BFAF71245DDA41004AFA3D /* CryptocurrencyService+Models.swift in Sources */,
				53E9FA962460CA3400A42D7B /* CryptocurrencyDetailsInteractorFactory.swift in Sources */,
				53E9FA942460C61B00A42D7B /* MainMenuCoordinatorFactory.swift in Sources */,
				53BFAF5E245DD205004AFA3D /* Context.swift in Sources */,
				53BFAF61245DD38A004AFA3D /* LoggingService.swift in Sources */,
				53C05D61245E486A006E17EA /* CryptocurrencyInteractor.swift in Sources */,
				53E9FA6924604DB000A42D7B /* CryptocurrencyDetailsPresentation.swift in Sources */,
				53E9FA57245E6AEE00A42D7B /* CryptocurrencyListPresentation.swift in Sources */,
				53BFAF51245DCD5E004AFA3D /* Cryptocurrency.swift in Sources */,
				53BFAF66245DD3FE004AFA3D /* NetworkLogging.swift in Sources */,
				53C05D51245E3694006E17EA /* WindowTransition.swift in Sources */,
				53E9FA922460C45C00A42D7B /* CryptocurrencyCoordinatorFactory.swift in Sources */,
				53E9FA6724604D2700A42D7B /* CryptocurrencyDetailsViewControllerFactory.swift in Sources */,
				53E9FA4E245E573600A42D7B /* CryptocurrencyCoordinator.swift in Sources */,
				53C05D3D245E2B3F006E17EA /* StoryboardViewControllerFactory.swift in Sources */,
				53BFAF5C245DD1E1004AFA3D /* ContextFactory.swift in Sources */,
			);
			runOnlyForDeploymentPostprocessing = 0;
		};
/* End PBXSourcesBuildPhase section */

/* Begin PBXVariantGroup section */
		5385BBF2245DB62400B4560F /* LaunchScreen.storyboard */ = {
			isa = PBXVariantGroup;
			children = (
				5385BBF3245DB62400B4560F /* Base */,
			);
			name = LaunchScreen.storyboard;
			sourceTree = "<group>";
		};
/* End PBXVariantGroup section */

/* Begin XCBuildConfiguration section */
		5385BBF6245DB62400B4560F /* Debug */ = {
			isa = XCBuildConfiguration;
			buildSettings = {
				ALWAYS_SEARCH_USER_PATHS = NO;
				CLANG_ANALYZER_NONNULL = YES;
				CLANG_ANALYZER_NUMBER_OBJECT_CONVERSION = YES_AGGRESSIVE;
				CLANG_CXX_LANGUAGE_STANDARD = "gnu++14";
				CLANG_CXX_LIBRARY = "libc++";
				CLANG_ENABLE_MODULES = YES;
				CLANG_ENABLE_OBJC_ARC = YES;
				CLANG_ENABLE_OBJC_WEAK = YES;
				CLANG_WARN_BLOCK_CAPTURE_AUTORELEASING = YES;
				CLANG_WARN_BOOL_CONVERSION = YES;
				CLANG_WARN_COMMA = YES;
				CLANG_WARN_CONSTANT_CONVERSION = YES;
				CLANG_WARN_DEPRECATED_OBJC_IMPLEMENTATIONS = YES;
				CLANG_WARN_DIRECT_OBJC_ISA_USAGE = YES_ERROR;
				CLANG_WARN_DOCUMENTATION_COMMENTS = YES;
				CLANG_WARN_EMPTY_BODY = YES;
				CLANG_WARN_ENUM_CONVERSION = YES;
				CLANG_WARN_INFINITE_RECURSION = YES;
				CLANG_WARN_INT_CONVERSION = YES;
				CLANG_WARN_NON_LITERAL_NULL_CONVERSION = YES;
				CLANG_WARN_OBJC_IMPLICIT_RETAIN_SELF = YES;
				CLANG_WARN_OBJC_LITERAL_CONVERSION = YES;
				CLANG_WARN_OBJC_ROOT_CLASS = YES_ERROR;
				CLANG_WARN_RANGE_LOOP_ANALYSIS = YES;
				CLANG_WARN_STRICT_PROTOTYPES = YES;
				CLANG_WARN_SUSPICIOUS_MOVE = YES;
				CLANG_WARN_UNGUARDED_AVAILABILITY = YES_AGGRESSIVE;
				CLANG_WARN_UNREACHABLE_CODE = YES;
				CLANG_WARN__DUPLICATE_METHOD_MATCH = YES;
				COPY_PHASE_STRIP = NO;
				DEBUG_INFORMATION_FORMAT = dwarf;
				ENABLE_STRICT_OBJC_MSGSEND = YES;
				ENABLE_TESTABILITY = YES;
				GCC_C_LANGUAGE_STANDARD = gnu11;
				GCC_DYNAMIC_NO_PIC = NO;
				GCC_NO_COMMON_BLOCKS = YES;
				GCC_OPTIMIZATION_LEVEL = 0;
				GCC_PREPROCESSOR_DEFINITIONS = (
					"DEBUG=1",
					"$(inherited)",
				);
				GCC_WARN_64_TO_32_BIT_CONVERSION = YES;
				GCC_WARN_ABOUT_RETURN_TYPE = YES_ERROR;
				GCC_WARN_UNDECLARED_SELECTOR = YES;
				GCC_WARN_UNINITIALIZED_AUTOS = YES_AGGRESSIVE;
				GCC_WARN_UNUSED_FUNCTION = YES;
				GCC_WARN_UNUSED_VARIABLE = YES;
				IPHONEOS_DEPLOYMENT_TARGET = 12.0;
				MTL_ENABLE_DEBUG_INFO = INCLUDE_SOURCE;
				MTL_FAST_MATH = YES;
				ONLY_ACTIVE_ARCH = YES;
				SDKROOT = iphoneos;
				SWIFT_ACTIVE_COMPILATION_CONDITIONS = DEBUG;
				SWIFT_OPTIMIZATION_LEVEL = "-Onone";
			};
			name = Debug;
		};
		5385BBF7245DB62400B4560F /* Release */ = {
			isa = XCBuildConfiguration;
			buildSettings = {
				ALWAYS_SEARCH_USER_PATHS = NO;
				CLANG_ANALYZER_NONNULL = YES;
				CLANG_ANALYZER_NUMBER_OBJECT_CONVERSION = YES_AGGRESSIVE;
				CLANG_CXX_LANGUAGE_STANDARD = "gnu++14";
				CLANG_CXX_LIBRARY = "libc++";
				CLANG_ENABLE_MODULES = YES;
				CLANG_ENABLE_OBJC_ARC = YES;
				CLANG_ENABLE_OBJC_WEAK = YES;
				CLANG_WARN_BLOCK_CAPTURE_AUTORELEASING = YES;
				CLANG_WARN_BOOL_CONVERSION = YES;
				CLANG_WARN_COMMA = YES;
				CLANG_WARN_CONSTANT_CONVERSION = YES;
				CLANG_WARN_DEPRECATED_OBJC_IMPLEMENTATIONS = YES;
				CLANG_WARN_DIRECT_OBJC_ISA_USAGE = YES_ERROR;
				CLANG_WARN_DOCUMENTATION_COMMENTS = YES;
				CLANG_WARN_EMPTY_BODY = YES;
				CLANG_WARN_ENUM_CONVERSION = YES;
				CLANG_WARN_INFINITE_RECURSION = YES;
				CLANG_WARN_INT_CONVERSION = YES;
				CLANG_WARN_NON_LITERAL_NULL_CONVERSION = YES;
				CLANG_WARN_OBJC_IMPLICIT_RETAIN_SELF = YES;
				CLANG_WARN_OBJC_LITERAL_CONVERSION = YES;
				CLANG_WARN_OBJC_ROOT_CLASS = YES_ERROR;
				CLANG_WARN_RANGE_LOOP_ANALYSIS = YES;
				CLANG_WARN_STRICT_PROTOTYPES = YES;
				CLANG_WARN_SUSPICIOUS_MOVE = YES;
				CLANG_WARN_UNGUARDED_AVAILABILITY = YES_AGGRESSIVE;
				CLANG_WARN_UNREACHABLE_CODE = YES;
				CLANG_WARN__DUPLICATE_METHOD_MATCH = YES;
				COPY_PHASE_STRIP = NO;
				DEBUG_INFORMATION_FORMAT = "dwarf-with-dsym";
				ENABLE_NS_ASSERTIONS = NO;
				ENABLE_STRICT_OBJC_MSGSEND = YES;
				GCC_C_LANGUAGE_STANDARD = gnu11;
				GCC_NO_COMMON_BLOCKS = YES;
				GCC_WARN_64_TO_32_BIT_CONVERSION = YES;
				GCC_WARN_ABOUT_RETURN_TYPE = YES_ERROR;
				GCC_WARN_UNDECLARED_SELECTOR = YES;
				GCC_WARN_UNINITIALIZED_AUTOS = YES_AGGRESSIVE;
				GCC_WARN_UNUSED_FUNCTION = YES;
				GCC_WARN_UNUSED_VARIABLE = YES;
				IPHONEOS_DEPLOYMENT_TARGET = 12.0;
				MTL_ENABLE_DEBUG_INFO = NO;
				MTL_FAST_MATH = YES;
				SDKROOT = iphoneos;
				SWIFT_COMPILATION_MODE = wholemodule;
				SWIFT_OPTIMIZATION_LEVEL = "-O";
				VALIDATE_PRODUCT = YES;
			};
			name = Release;
		};
		5385BBF9245DB62400B4560F /* Debug */ = {
			isa = XCBuildConfiguration;
			baseConfigurationReference = BFAE7A48D50E5F316A7488D3 /* Pods-Coins.debug.xcconfig */;
			buildSettings = {
				ASSETCATALOG_COMPILER_APPICON_NAME = AppIcon;
				CODE_SIGN_STYLE = Automatic;
				DEVELOPMENT_TEAM = V29N977476;
				INFOPLIST_FILE = Coins/Resources/Info.plist;
				LD_RUNPATH_SEARCH_PATHS = (
					"$(inherited)",
					"@executable_path/Frameworks",
				);
				PRODUCT_BUNDLE_IDENTIFIER = OrgId.Coins;
				PRODUCT_NAME = "$(TARGET_NAME)";
				SWIFT_VERSION = 5.0;
				TARGETED_DEVICE_FAMILY = 1;
			};
			name = Debug;
		};
		5385BBFA245DB62400B4560F /* Release */ = {
			isa = XCBuildConfiguration;
			baseConfigurationReference = DB6567EEB60AAF9C8DBA23A9 /* Pods-Coins.release.xcconfig */;
			buildSettings = {
				ASSETCATALOG_COMPILER_APPICON_NAME = AppIcon;
				CODE_SIGN_STYLE = Automatic;
				DEVELOPMENT_TEAM = V29N977476;
				INFOPLIST_FILE = Coins/Resources/Info.plist;
				LD_RUNPATH_SEARCH_PATHS = (
					"$(inherited)",
					"@executable_path/Frameworks",
				);
				PRODUCT_BUNDLE_IDENTIFIER = OrgId.Coins;
				PRODUCT_NAME = "$(TARGET_NAME)";
				SWIFT_VERSION = 5.0;
				TARGETED_DEVICE_FAMILY = 1;
			};
			name = Release;
		};
/* End XCBuildConfiguration section */

/* Begin XCConfigurationList section */
		5385BBDF245DB62300B4560F /* Build configuration list for PBXProject "Coins" */ = {
			isa = XCConfigurationList;
			buildConfigurations = (
				5385BBF6245DB62400B4560F /* Debug */,
				5385BBF7245DB62400B4560F /* Release */,
			);
			defaultConfigurationIsVisible = 0;
			defaultConfigurationName = Release;
		};
		5385BBF8245DB62400B4560F /* Build configuration list for PBXNativeTarget "Coins" */ = {
			isa = XCConfigurationList;
			buildConfigurations = (
				5385BBF9245DB62400B4560F /* Debug */,
				5385BBFA245DB62400B4560F /* Release */,
			);
			defaultConfigurationIsVisible = 0;
			defaultConfigurationName = Release;
		};
/* End XCConfigurationList section */
	};
	rootObject = 5385BBDC245DB62300B4560F /* Project object */;
}
